
Microsoft Visual Studio Solution File, Format Version 12.00
# Visual Studio 14
VisualStudioVersion = 14.0.24720.0
MinimumVisualStudioVersion = 10.0.40219.1
Project("{FAE04EC0-301F-11D3-BF4B-00C04F79EFBC}") = "Cakery_Backend", "Cakery_Backend\Cakery_Backend.csproj", "{E0519FC4-C893-46B6-9E57-11D945B12E6A}"
EndProject
Project("{FAE04EC0-301F-11D3-BF4B-00C04F79EFBC}") = "CakeryDataAccess", "CakeryDataAccess\CakeryDataAccess.csproj", "{C056393E-3C13-4F02-A43B-E157FB6F915B}"
EndProject
Global
	GlobalSection(SolutionConfigurationPlatforms) = preSolution
		Debug|Any CPU = Debug|Any CPU
		Release|Any CPU = Release|Any CPU
	EndGlobalSection
	GlobalSection(ProjectConfigurationPlatforms) = postSolution
		{E0519FC4-C893-46B6-9E57-11D945B12E6A}.Debug|Any CPU.ActiveCfg = Debug|Any CPU
		{E0519FC4-C893-46B6-9E57-11D945B12E6A}.Debug|Any CPU.Build.0 = Debug|Any CPU
		{E0519FC4-C893-46B6-9E57-11D945B12E6A}.Release|Any CPU.ActiveCfg = Release|Any CPU
		{E0519FC4-C893-46B6-9E57-11D945B12E6A}.Release|Any CPU.Build.0 = Release|Any CPU
		{C056393E-3C13-4F02-A43B-E157FB6F915B}.Debug|Any CPU.ActiveCfg = Debug|Any CPU
		{C056393E-3C13-4F02-A43B-E157FB6F915B}.Debug|Any CPU.Build.0 = Debug|Any CPU
		{C056393E-3C13-4F02-A43B-E157FB6F915B}.Release|Any CPU.ActiveCfg = Release|Any CPU
		{C056393E-3C13-4F02-A43B-E157FB6F915B}.Release|Any CPU.Build.0 = Release|Any CPU
	EndGlobalSection
	GlobalSection(SolutionProperties) = preSolution
		HideSolutionNode = FALSE
	EndGlobalSection
EndGlobal
